
Microsoft Visual Studio Solution File, Format Version 12.00
# Visual Studio Version 17
VisualStudioVersion = 17.7.34024.191
MinimumVisualStudioVersion = 10.0.40219.1
Project("{9A19103F-16F7-4668-BE54-9A1E7A4F7556}") = "NMS_PauseBeGone", "NMS_PauseBeGone.csproj", "{E7E32D55-5500-41A2-B9F5-EC65FDB7AB69}"
EndProject
Global
	GlobalSection(SolutionConfigurationPlatforms) = preSolution
		Debug|Any CPU = Debug|Any CPU
		Release|Any CPU = Release|Any CPU
	EndGlobalSection
	GlobalSection(ProjectConfigurationPlatforms) = postSolution
		{E7E32D55-5500-41A2-B9F5-EC65FDB7AB69}.Debug|Any CPU.ActiveCfg = Debug|Any CPU
		{E7E32D55-5500-41A2-B9F5-EC65FDB7AB69}.Debug|Any CPU.Build.0 = Debug|Any CPU
		{E7E32D55-5500-41A2-B9F5-EC65FDB7AB69}.Release|Any CPU.ActiveCfg = Release|Any CPU
		{E7E32D55-5500-41A2-B9F5-EC65FDB7AB69}.Release|Any CPU.Build.0 = Release|Any CPU
	EndGlobalSection
	GlobalSection(SolutionProperties) = preSolution
		HideSolutionNode = FALSE
	EndGlobalSection
	GlobalSection(ExtensibilityGlobals) = postSolution
		SolutionGuid = {61346428-E1BF-4D22-AC03-B2844659989B}
	EndGlobalSection
EndGlobal
